{
  "name": "express",
  "version": "1.0.0",
  "lockfileVersion": 1,
  "requires": true,
  "dependencies": {
    "@types/http-proxy": {
      "version": "1.17.4",
      "resolved": "https://registry.npm.taobao.org/@types/http-proxy/download/@types/http-proxy-1.17.4.tgz?cache=0&sync_timestamp=1605053527025&other_urls=https%3A%2F%2Fregistry.npm.taobao.org%2F%40types%2Fhttp-proxy%2Fdownload%2F%40types%2Fhttp-proxy-1.17.4.tgz",
      "integrity": "sha1-58kuPb4+E6p5lED/QubToXqdBFs=",
      "dev": true,
      "requires": {
        "@types/node": "*"
      }
    },
    "@types/node": {
      "version": "14.14.7",
      "resolved": "https://registry.npm.taobao.org/@types/node/download/@types/node-14.14.7.tgz?cache=0&other_urls=https%3A%2F%2Fregistry.npm.taobao.org%2F%40types%2Fnode%2Fdownload%2F%40types%2Fnode-14.14.7.tgz",
      "integrity": "sha1-jqHo+OriQwz0QFZLmMbfzh7FlF0=",
      "dev": true
    },
    "braces": {
      "version": "3.0.2",
      "resolved": "https://registry.npm.taobao.org/braces/download/braces-3.0.2.tgz",
      "integrity": "sha1-NFThpGLujVmeI23zNs2epPiv4Qc=",
      "dev": true,
      "requires": {
        "fill-range": "^7.0.1"
      }
    },
    "eventemitter3": {
      "version": "4.0.7",
      "resolved": "https://registry.npm.taobao.org/eventemitter3/download/eventemitter3-4.0.7.tgz?cache=0&sync_timestamp=1598517819668&other_urls=https%3A%2F%2Fregistry.npm.taobao.org%2Feventemitter3%2Fdownload%2Feventemitter3-4.0.7.tgz",
      "integrity": "sha1-Lem2j2Uo1WRO9cWVJqG0oHMGFp8=",
      "dev": true
    },
    "fill-range": {
      "version": "7.0.1",
      "resolved": "https://registry.npm.taobao.org/fill-range/download/fill-range-7.0.1.tgz",
      "integrity": "sha1-GRmmp8df44ssfHflGYU12prN2kA=",
      "dev": true,
      "requires": {
        "to-regex-range": "^5.0.1"
      }
    },
    "follow-redirects": {
      "version": "1.13.0",
      "resolved": "https://registry.npm.taobao.org/follow-redirects/download/follow-redirects-1.13.0.tgz?cache=0&sync_timestamp=1597057976909&other_urls=https%3A%2F%2Fregistry.npm.taobao.org%2Ffollow-redirects%2Fdownload%2Ffollow-redirects-1.13.0.tgz",
      "integrity": "sha1-tC6Nk6Kn7qXtiGM2dtZZe8jjhNs=",
      "dev": true
    },
    "http-proxy": {
      "version": "1.18.1",
      "resolved": "https://registry.npm.taobao.org/http-proxy/download/http-proxy-1.18.1.tgz",
      "integrity": "sha1-QBVB8FNIhLv5UmAzTnL4juOXZUk=",
      "dev": true,
      "requires": {
        "eventemitter3": "^4.0.0",
        "follow-redirects": "^1.0.0",
        "requires-port": "^1.0.0"
      }
    },
    "http-proxy-middleware": {
      "version": "1.0.6",
      "resolved": "https://registry.npm.taobao.org/http-proxy-middleware/download/http-proxy-middleware-1.0.6.tgz?cache=0&sync_timestamp=1602445433563&other_urls=https%3A%2F%2Fregistry.npm.taobao.org%2Fhttp-proxy-middleware%2Fdownload%2Fhttp-proxy-middleware-1.0.6.tgz",
      "integrity": "sha1-BhhVdyL0UDddN5bXAaisVAezuU4=",
      "dev": true,
      "requires": {
        "@types/http-proxy": "^1.17.4",
        "http-proxy": "^1.18.1",
        "is-glob": "^4.0.1",
        "lodash": "^4.17.20",
        "micromatch": "^4.0.2"
      }
    },
    "is-extglob": {
      "version": "2.1.1",
      "resolved": "https://registry.npm.taobao.org/is-extglob/download/is-extglob-2.1.1.tgz",
      "integrity": "sha1-qIwCU1eR8C7TfHahueqXc8gz+MI=",
      "dev": true
    },
    "is-glob": {
      "version": "4.0.1",
      "resolved": "https://registry.npm.taobao.org/is-glob/download/is-glob-4.0.1.tgz",
      "integrity": "sha1-dWfb6fL14kZ7x3q4PEopSCQHpdw=",
      "dev": true,
      "requires": {
        "is-extglob": "^2.1.1"
      }
    },
    "is-number": {
      "version": "7.0.0",
      "resolved": "https://registry.npm.taobao.org/is-number/download/is-number-7.0.0.tgz",
      "integrity": "sha1-dTU0W4lnNNX4DE0GxQlVUnoU8Ss=",
      "dev": true
    },
    "lodash": {
      "version": "4.17.20",
      "resolved": "https://registry.npm.taobao.org/lodash/download/lodash-4.17.20.tgz?cache=0&sync_timestamp=1597336053864&other_urls=https%3A%2F%2Fregistry.npm.taobao.org%2Flodash%2Fdownload%2Flodash-4.17.20.tgz",
      "integrity": "sha1-tEqbYpe8tpjxxRo1RaKzs2jVnFI=",
      "dev": true
    },
    "micromatch": {
      "version": "4.0.2",
      "resolved": "https://registry.npm.taobao.org/micromatch/download/micromatch-4.0.2.tgz",
      "integrity": "sha1-T8sJmb+fvC/L3SEvbWKbmlbDklk=",
      "dev": true,
      "requires": {
        "braces": "^3.0.1",
        "picomatch": "^2.0.5"
      }
    },
    "picomatch": {
      "version": "2.2.2",
      "resolved": "https://registry.npm.taobao.org/picomatch/download/picomatch-2.2.2.tgz",
      "integrity": "sha1-IfMz6ba46v8CRo9RRupAbTRfTa0=",
      "dev": true
    },
    "requires-port": {
      "version": "1.0.0",
      "resolved": "https://registry.npm.taobao.org/requires-port/download/requires-port-1.0.0.tgz",
      "integrity": "sha1-kl0mAdOaxIXgkc8NpcbmlNw9yv8=",
      "dev": true
    },
    "to-regex-range": {
      "version": "5.0.1",
      "resolved": "https://registry.npm.taobao.org/to-regex-range/download/to-regex-range-5.0.1.tgz",
      "integrity": "sha1-FkjESq58jZiKMmAY7XL1tN0DkuQ=",
      "dev": true,
      "requires": {
        "is-number": "^7.0.0"
      }
    }
  }
}
